
Microsoft Visual Studio Solution File, Format Version 11.00
# Visual Studio 2010
Project("{FAE04EC0-301F-11D3-BF4B-00C04F79EFBC}") = "SmokerVDoctor", "Assembly-CSharp-firstpass.csproj", "{B81D444E-87F5-AF93-3F15-643FED774F07}"
EndProject
Project("{FAE04EC0-301F-11D3-BF4B-00C04F79EFBC}") = "SmokerVDoctor", "Assembly-CSharp.csproj", "{54D52651-040E-7756-AD58-7525B39EF8C3}"
EndProject
Project("{FAE04EC0-301F-11D3-BF4B-00C04F79EFBC}") = "SmokerVDoctor", "Assembly-CSharp-Editor-firstpass.csproj", "{62C71F12-D32B-3A7F-D4A1-420788CD36A2}"
EndProject
Global
	GlobalSection(SolutionConfigurationPlatforms) = preSolution
		Debug|Any CPU = Debug|Any CPU
		Release|Any CPU = Release|Any CPU
	EndGlobalSection
	GlobalSection(ProjectConfigurationPlatforms) = postSolution
		{B81D444E-87F5-AF93-3F15-643FED774F07}.Debug|Any CPU.ActiveCfg = Debug|Any CPU
		{B81D444E-87F5-AF93-3F15-643FED774F07}.Debug|Any CPU.Build.0 = Debug|Any CPU
		{B81D444E-87F5-AF93-3F15-643FED774F07}.Release|Any CPU.ActiveCfg = Release|Any CPU
		{B81D444E-87F5-AF93-3F15-643FED774F07}.Release|Any CPU.Build.0 = Release|Any CPU
		{54D52651-040E-7756-AD58-7525B39EF8C3}.Debug|Any CPU.ActiveCfg = Debug|Any CPU
		{54D52651-040E-7756-AD58-7525B39EF8C3}.Debug|Any CPU.Build.0 = Debug|Any CPU
		{54D52651-040E-7756-AD58-7525B39EF8C3}.Release|Any CPU.ActiveCfg = Release|Any CPU
		{54D52651-040E-7756-AD58-7525B39EF8C3}.Release|Any CPU.Build.0 = Release|Any CPU
		{62C71F12-D32B-3A7F-D4A1-420788CD36A2}.Debug|Any CPU.ActiveCfg = Debug|Any CPU
		{62C71F12-D32B-3A7F-D4A1-420788CD36A2}.Debug|Any CPU.Build.0 = Debug|Any CPU
		{62C71F12-D32B-3A7F-D4A1-420788CD36A2}.Release|Any CPU.ActiveCfg = Release|Any CPU
		{62C71F12-D32B-3A7F-D4A1-420788CD36A2}.Release|Any CPU.Build.0 = Release|Any CPU
	EndGlobalSection
	GlobalSection(SolutionProperties) = preSolution
		HideSolutionNode = FALSE
	EndGlobalSection
	GlobalSection(MonoDevelopProperties) = preSolution
		StartupItem = Assembly-CSharp.csproj
	EndGlobalSection
EndGlobal
